
Microsoft Visual Studio Solution File, Format Version 12.00
# Visual Studio for Mac
Project("{FAE04EC0-301F-11D3-BF4B-00C04F79EFBC}") = "Assembly-CSharp", "Assembly-CSharp.csproj", "{D37776A0-31B5-B503-447C-F1D4FB857675}"
EndProject
Project("{FAE04EC0-301F-11D3-BF4B-00C04F79EFBC}") = "Assembly-CSharp-firstpass", "Assembly-CSharp-firstpass.csproj", "{9B7649A6-14BB-4BA2-00F2-8668B2F7E933}"
EndProject
Project("{FAE04EC0-301F-11D3-BF4B-00C04F79EFBC}") = "Assembly-CSharp-Editor-firstpass", "Assembly-CSharp-Editor-firstpass.csproj", "{A10B420E-1C26-9B34-618C-4DBD5B7D2BEC}"
EndProject
Project("{FAE04EC0-301F-11D3-BF4B-00C04F79EFBC}") = "Assembly-CSharp-Editor", "Assembly-CSharp-Editor.csproj", "{221DC155-0EF5-4982-B12E-BC3DE642815F}"
EndProject
Global
	GlobalSection(SolutionConfigurationPlatforms) = preSolution
		Debug|Any CPU = Debug|Any CPU
		Release|Any CPU = Release|Any CPU
	EndGlobalSection
	GlobalSection(ProjectConfigurationPlatforms) = postSolution
		{D37776A0-31B5-B503-447C-F1D4FB857675}.Debug|Any CPU.ActiveCfg = Debug|Any CPU
		{D37776A0-31B5-B503-447C-F1D4FB857675}.Debug|Any CPU.Build.0 = Debug|Any CPU
		{D37776A0-31B5-B503-447C-F1D4FB857675}.Release|Any CPU.ActiveCfg = Release|Any CPU
		{D37776A0-31B5-B503-447C-F1D4FB857675}.Release|Any CPU.Build.0 = Release|Any CPU
		{9B7649A6-14BB-4BA2-00F2-8668B2F7E933}.Debug|Any CPU.ActiveCfg = Debug|Any CPU
		{9B7649A6-14BB-4BA2-00F2-8668B2F7E933}.Debug|Any CPU.Build.0 = Debug|Any CPU
		{9B7649A6-14BB-4BA2-00F2-8668B2F7E933}.Release|Any CPU.ActiveCfg = Release|Any CPU
		{9B7649A6-14BB-4BA2-00F2-8668B2F7E933}.Release|Any CPU.Build.0 = Release|Any CPU
		{A10B420E-1C26-9B34-618C-4DBD5B7D2BEC}.Debug|Any CPU.ActiveCfg = Debug|Any CPU
		{A10B420E-1C26-9B34-618C-4DBD5B7D2BEC}.Debug|Any CPU.Build.0 = Debug|Any CPU
		{A10B420E-1C26-9B34-618C-4DBD5B7D2BEC}.Release|Any CPU.ActiveCfg = Release|Any CPU
		{A10B420E-1C26-9B34-618C-4DBD5B7D2BEC}.Release|Any CPU.Build.0 = Release|Any CPU
		{221DC155-0EF5-4982-B12E-BC3DE642815F}.Debug|Any CPU.ActiveCfg = Debug|Any CPU
		{221DC155-0EF5-4982-B12E-BC3DE642815F}.Debug|Any CPU.Build.0 = Debug|Any CPU
		{221DC155-0EF5-4982-B12E-BC3DE642815F}.Release|Any CPU.ActiveCfg = Release|Any CPU
		{221DC155-0EF5-4982-B12E-BC3DE642815F}.Release|Any CPU.Build.0 = Release|Any CPU
	EndGlobalSection
	GlobalSection(SolutionProperties) = preSolution
		HideSolutionNode = FALSE
	EndGlobalSection
EndGlobal
